// !$*UTF8*$!
{
	archiveVersion = 1;
	classes = {
	};
	objectVersion = 77;
	objects = {

/* Begin PBXContainerItemProxy section */
		9A4CBFEA2F899711009EEBEB /* PBXContainerItemProxy */ = {
			isa = PBXContainerItemProxy;
			containerPortal = 9A4CBFD42F89970F009EEBEB /* Project object */;
			proxyType = 1;
			remoteGlobalIDString = 9A4CBFDB2F89970F009EEBEB;
			remoteInfo = PokerEquity;
		};
		9A4CBFF42F899711009EEBEB /* PBXContainerItemProxy */ = {
			isa = PBXContainerItemProxy;
			containerPortal = 9A4CBFD42F89970F009EEBEB /* Project object */;
			proxyType = 1;
			remoteGlobalIDString = 9A4CBFDB2F89970F009EEBEB;
			remoteInfo = PokerEquity;
		};
/* End PBXContainerItemProxy section */

/* Begin PBXFileReference section */
		9A4CBFDC2F89970F009EEBEB /* PokerEquity.app */ = {isa = PBXFileReference; explicitFileType = wrapper.application; includeInIndex = 0; path = PokerEquity.app; sourceTree = BUILT_PRODUCTS_DIR; };
		9A4CBFE92F899711009EEBEB /* PokerEquityTests.xctest */ = {isa = PBXFileReference; explicitFileType = wrapper.cfbundle; includeInIndex = 0; path = PokerEquityTests.xctest; sourceTree = BUILT_PRODUCTS_DIR; };
		9A4CBFF32F899711009EEBEB /* PokerEquityUITests.xctest */ = {isa = PBXFileReference; explicitFileType = wrapper.cfbundle; includeInIndex = 0; path = PokerEquityUITests.xctest; sourceTree = BUILT_PRODUCTS_DIR; };
/* End PBXFileReference section */

/* Begin PBXFileSystemSynchronizedRootGroup section */
		9A4CBFDE2F89970F009EEBEB /* PokerEquity */ = {
			isa = PBXFileSystemSynchronizedRootGroup;
			path = PokerEquity;
			sourceTree = "<group>";
		};
		9A4CBFEC2F899711009EEBEB /* PokerEquityTests */ = {
			isa = PBXFileSystemSynchronizedRootGroup;
			path = PokerEquityTests;
			sourceTree = "<group>";
		};
		9A4CBFF62F899711009EEBEB /* PokerEquityUITests */ = {
			isa = PBXFileSystemSynchronizedRootGroup;
			path = PokerEquityUITests;
			sourceTree = "<group>";
		};
/* End PBXFileSystemSynchronizedRootGroup section */

/* Begin PBXFrameworksBuildPhase section */
		9A4CBFD92F89970F009EEBEB /* Frameworks */ = {
			isa = PBXFrameworksBuildPhase;
			buildActionMask = 2147483647;
			files = (
			);
			runOnlyForDeploymentPostprocessing = 0;
		};
		9A4CBFE62F899711009EEBEB /* Frameworks */ = {
			isa = PBXFrameworksBuildPhase;
			buildActionMask = 2147483647;
			files = (
			);
			runOnlyForDeploymentPostprocessing = 0;
		};
		9A4CBFF02F899711009EEBEB /* Frameworks */ = {
			isa = PBXFrameworksBuildPhase;
			buildActionMask = 2147483647;
			files = (
			);
			runOnlyForDeploymentPostprocessing = 0;
		};
/* End PBXFrameworksBuildPhase section */

/* Begin PBXGroup section */
		9A4CBFD32F89970F009EEBEB = {
			isa = PBXGroup;
			children = (
				9A4CBFDE2F89970F009EEBEB /* PokerEquity */,
				9A4CBFEC2F899711009EEBEB /* PokerEquityTests */,
				9A4CBFF62F899711009EEBEB /* PokerEquityUITests */,
				9A4CBFDD2F89970F009EEBEB /* Products */,
			);
			sourceTree = "<group>";
		};
		9A4CBFDD2F89970F009EEBEB /* Products */ = {
			isa = PBXGroup;
			children = (
				9A4CBFDC2F89970F009EEBEB /* PokerEquity.app */,
				9A4CBFE92F899711009EEBEB /* PokerEquityTests.xctest */,
				9A4CBFF32F899711009EEBEB /* PokerEquityUITests.xctest */,
			);
			name = Products;
			sourceTree = "<group>";
		};
/* End PBXGroup section */

/* Begin PBXNativeTarget section */
		9A4CBFDB2F89970F009EEBEB /* PokerEquity */ = {
			isa = PBXNativeTarget;
			buildConfigurationList = 9A4CBFFD2F899711009EEBEB /* Build configuration list for PBXNativeTarget "PokerEquity" */;
			buildPhases = (
				9A4CBFD82F89970F009EEBEB /* Sources */,
				9A4CBFD92F89970F009EEBEB /* Frameworks */,
				9A4CBFDA2F89970F009EEBEB /* Resources */,
			);
			buildRules = (
			);
			dependencies = (
			);
			fileSystemSynchronizedGroups = (
				9A4CBFDE2F89970F009EEBEB /* PokerEquity */,
			);
			name = PokerEquity;
			packageProductDependencies = (
			);
			productName = PokerEquity;
			productReference = 9A4CBFDC2F89970F009EEBEB /* PokerEquity.app */;
			productType = "com.apple.product-type.application";
		};
		9A4CBFE82F899711009EEBEB /* PokerEquityTests */ = {
			isa = PBXNativeTarget;
			buildConfigurationList = 9A4CC0002F899711009EEBEB /* Build configuration list for PBXNativeTarget "PokerEquityTests" */;
			buildPhases = (
				9A4CBFE52F899711009EEBEB /* Sources */,
				9A4CBFE62F899711009EEBEB /* Frameworks */,
				9A4CBFE72F899711009EEBEB /* Resources */,
			);
			buildRules = (
			);
			dependencies = (
				9A4CBFEB2F899711009EEBEB /* PBXTargetDependency */,
			);
			fileSystemSynchronizedGroups = (
				9A4CBFEC2F899711009EEBEB /* PokerEquityTests */,
			);
			name = PokerEquityTests;
			packageProductDependencies = (
			);
			productName = PokerEquityTests;
			productReference = 9A4CBFE92F899711009EEBEB /* PokerEquityTests.xctest */;
			productType = "com.apple.product-type.bundle.unit-test";
		};
		9A4CBFF22F899711009EEBEB /* PokerEquityUITests */ = {
			isa = PBXNativeTarget;
			buildConfigurationList = 9A4CC0032F899711009EEBEB /* Build configuration list for PBXNativeTarget "PokerEquityUITests" */;
			buildPhases = (
				9A4CBFEF2F899711009EEBEB /* Sources */,
				9A4CBFF02F899711009EEBEB /* Frameworks */,
				9A4CBFF12F899711009EEBEB /* Resources */,
			);
			buildRules = (
			);
			dependencies = (
				9A4CBFF52F899711009EEBEB /* PBXTargetDependency */,
			);
			fileSystemSynchronizedGroups = (
				9A4CBFF62F899711009EEBEB /* PokerEquityUITests */,
			);
			name = PokerEquityUITests;
			packageProductDependencies = (
			);
			productName = PokerEquityUITests;
			productReference = 9A4CBFF32F899711009EEBEB /* PokerEquityUITests.xctest */;
			productType = "com.apple.product-type.bundle.ui-testing";
		};
/* End PBXNativeTarget section */

/* Begin PBXProject section */
		9A4CBFD42F89970F009EEBEB /* Project object */ = {
			isa = PBXProject;
			attributes = {
				BuildIndependentTargetsInParallel = 1;
				LastSwiftUpdateCheck = 1640;
				LastUpgradeCheck = 1640;
				TargetAttributes = {
					9A4CBFDB2F89970F009EEBEB = {
						CreatedOnToolsVersion = 16.4;
					};
					9A4CBFE82F899711009EEBEB = {
						CreatedOnToolsVersion = 16.4;
						TestTargetID = 9A4CBFDB2F89970F009EEBEB;
					};
					9A4CBFF22F899711009EEBEB = {
						CreatedOnToolsVersion = 16.4;
						TestTargetID = 9A4CBFDB2F89970F009EEBEB;
					};
				};
			};
			buildConfigurationList = 9A4CBFD72F89970F009EEBEB /* Build configuration list for PBXProject "PokerEquity" */;
			developmentRegion = en;
			hasScannedForEncodings = 0;
			knownRegions = (
				en,
				Base,
			);
			mainGroup = 9A4CBFD32F89970F009EEBEB;
			minimizedProjectReferenceProxies = 1;
			preferredProjectObjectVersion = 77;
			productRefGroup = 9A4CBFDD2F89970F009EEBEB /* Products */;
			projectDirPath = "";
			projectRoot = "";
			targets = (
				9A4CBFDB2F89970F009EEBEB /* PokerEquity */,
				9A4CBFE82F899711009EEBEB /* PokerEquityTests */,
				9A4CBFF22F899711009EEBEB /* PokerEquityUITests */,
			);
		};
/* End PBXProject section */

/* Begin PBXResourcesBuildPhase section */
		9A4CBFDA2F89970F009EEBEB /* Resources */ = {
			isa = PBXResourcesBuildPhase;
			buildActionMask = 2147483647;
			files = (
			);
			runOnlyForDeploymentPostprocessing = 0;
		};
		9A4CBFE72F899711009EEBEB /* Resources */ = {
			isa = PBXResourcesBuildPhase;
			buildActionMask = 2147483647;
			files = (
			);
			runOnlyForDeploymentPostprocessing = 0;
		};
		9A4CBFF12F899711009EEBEB /* Resources */ = {
			isa = PBXResourcesBuildPhase;
			buildActionMask = 2147483647;
			files = (
			);
			runOnlyForDeploymentPostprocessing = 0;
		};
/* End PBXResourcesBuildPhase section */

/* Begin PBXSourcesBuildPhase section */
		9A4CBFD82F89970F009EEBEB /* Sources */ = {
			isa = PBXSourcesBuildPhase;
			buildActionMask = 2147483647;
			files = (
			);
			runOnlyForDeploymentPostprocessing = 0;
		};
		9A4CBFE52F899711009EEBEB /* Sources */ = {
			isa = PBXSourcesBuildPhase;
			buildActionMask = 2147483647;
			files = (
			);
			runOnlyForDeploymentPostprocessing = 0;
		};
		9A4CBFEF2F899711009EEBEB /* Sources */ = {
			isa = PBXSourcesBuildPhase;
			buildActionMask = 2147483647;
			files = (
			);
			runOnlyForDeploymentPostprocessing = 0;
		};
/* End PBXSourcesBuildPhase section */

/* Begin PBXTargetDependency section */
		9A4CBFEB2F899711009EEBEB /* PBXTargetDependency */ = {
			isa = PBXTargetDependency;
			target = 9A4CBFDB2F89970F009EEBEB /* PokerEquity */;
			targetProxy = 9A4CBFEA2F899711009EEBEB /* PBXContainerItemProxy */;
		};
		9A4CBFF52F899711009EEBEB /* PBXTargetDependency */ = {
			isa = PBXTargetDependency;
			target = 9A4CBFDB2F89970F009EEBEB /* PokerEquity */;
			targetProxy = 9A4CBFF42F899711009EEBEB /* PBXContainerItemProxy */;
		};
/* End PBXTargetDependency section */

/* Begin XCBuildConfiguration section */
		9A4CBFFB2F899711009EEBEB /* Debug */ = {
			isa = XCBuildConfiguration;
			buildSettings = {
				ALWAYS_SEARCH_USER_PATHS = NO;
				ASSETCATALOG_COMPILER_GENERATE_SWIFT_ASSET_SYMBOL_EXTENSIONS = YES;
				CLANG_ANALYZER_NONNULL = YES;
				CLANG_ANALYZER_NUMBER_OBJECT_CONVERSION = YES_AGGRESSIVE;
				CLANG_CXX_LANGUAGE_STANDARD = "gnu++20";
				CLANG_ENABLE_MODULES = YES;
				CLANG_ENABLE_OBJC_ARC = YES;
				CLANG_ENABLE_OBJC_WEAK = YES;
				CLANG_WARN_BLOCK_CAPTURE_AUTORELEASING = YES;
				CLANG_WARN_BOOL_CONVERSION = YES;
				CLANG_WARN_COMMA = YES;
				CLANG_WARN_CONSTANT_CONVERSION = YES;
				CLANG_WARN_DEPRECATED_OBJC_IMPLEMENTATIONS = YES;
				CLANG_WARN_DIRECT_OBJC_ISA_USAGE = YES_ERROR;
				CLANG_WARN_DOCUMENTATION_COMMENTS = YES;
				CLANG_WARN_EMPTY_BODY = YES;
				CLANG_WARN_ENUM_CONVERSION = YES;
				CLANG_WARN_INFINITE_RECURSION = YES;
				CLANG_WARN_INT_CONVERSION = YES;
				CLANG_WARN_NON_LITERAL_NULL_CONVERSION = YES;
				CLANG_WARN_OBJC_IMPLICIT_RETAIN_SELF = YES;
				CLANG_WARN_OBJC_LITERAL_CONVERSION = YES;
				CLANG_WARN_OBJC_ROOT_CLASS = YES_ERROR;
				CLANG_WARN_QUOTED_INCLUDE_IN_FRAMEWORK_HEADER = YES;
				CLANG_WARN_RANGE_LOOP_ANALYSIS = YES;
				CLANG_WARN_STRICT_PROTOTYPES = YES;
				CLANG_WARN_SUSPICIOUS_MOVE = YES;
				CLANG_WARN_UNGUARDED_AVAILABILITY = YES_AGGRESSIVE;
				CLANG_WARN_UNREACHABLE_CODE = YES;
				CLANG_WARN__DUPLICATE_METHOD_MATCH = YES;
				COPY_PHASE_STRIP = NO;
				DEBUG_INFORMATION_FORMAT = dwarf;
				ENABLE_STRICT_OBJC_MSGSEND = YES;
				ENABLE_TESTABILITY = YES;
				ENABLE_USER_SCRIPT_SANDBOXING = YES;
				GCC_C_LANGUAGE_STANDARD = gnu17;
				GCC_DYNAMIC_NO_PIC = NO;
				GCC_NO_COMMON_BLOCKS = YES;
				GCC_OPTIMIZATION_LEVEL = 0;
				GCC_PREPROCESSOR_DEFINITIONS = (
					"DEBUG=1",
					"$(inherited)",
				);
				GCC_WARN_64_TO_32_BIT_CONVERSION = YES;
				GCC_WARN_ABOUT_RETURN_TYPE = YES_ERROR;
				GCC_WARN_UNDECLARED_SELECTOR = YES;
				GCC_WARN_UNINITIALIZED_AUTOS = YES_AGGRESSIVE;
				GCC_WARN_UNUSED_FUNCTION = YES;
				GCC_WARN_UNUSED_VARIABLE = YES;
				IPHONEOS_DEPLOYMENT_TARGET = 18.5;
				LOCALIZATION_PREFERS_STRING_CATALOGS = YES;
				MTL_ENABLE_DEBUG_INFO = INCLUDE_SOURCE;
				MTL_FAST_MATH = YES;
				ONLY_ACTIVE_ARCH = YES;
				SDKROOT = iphoneos;
				SWIFT_ACTIVE_COMPILATION_CONDITIONS = "DEBUG $(inherited)";
				SWIFT_OPTIMIZATION_LEVEL = "-Onone";
			};
			name = Debug;
		};
		9A4CBFFC2F899711009EEBEB /* Release */ = {
			isa = XCBuildConfiguration;
			buildSettings = {
				ALWAYS_SEARCH_USER_PATHS = NO;
				ASSETCATALOG_COMPILER_GENERATE_SWIFT_ASSET_SYMBOL_EXTENSIONS = YES;
				CLANG_ANALYZER_NONNULL = YES;
				CLANG_ANALYZER_NUMBER_OBJECT_CONVERSION = YES_AGGRESSIVE;
				CLANG_CXX_LANGUAGE_STANDARD = "gnu++20";
				CLANG_ENABLE_MODULES = YES;
				CLANG_ENABLE_OBJC_ARC = YES;
				CLANG_ENABLE_OBJC_WEAK = YES;
				CLANG_WARN_BLOCK_CAPTURE_AUTORELEASING = YES;
				CLANG_WARN_BOOL_CONVERSION = YES;
				CLANG_WARN_COMMA = YES;
				CLANG_WARN_CONSTANT_CONVERSION = YES;
				CLANG_WARN_DEPRECATED_OBJC_IMPLEMENTATIONS = YES;
				CLANG_WARN_DIRECT_OBJC_ISA_USAGE = YES_ERROR;
				CLANG_WARN_DOCUMENTATION_COMMENTS = YES;
				CLANG_WARN_EMPTY_BODY = YES;
				CLANG_WARN_ENUM_CONVERSION = YES;
				CLANG_WARN_INFINITE_RECURSION = YES;
				CLANG_WARN_INT_CONVERSION = YES;
				CLANG_WARN_NON_LITERAL_NULL_CONVERSION = YES;
				CLANG_WARN_OBJC_IMPLICIT_RETAIN_SELF = YES;
				CLANG_WARN_OBJC_LITERAL_CONVERSION = YES;
				CLANG_WARN_OBJC_ROOT_CLASS = YES_ERROR;
				CLANG_WARN_QUOTED_INCLUDE_IN_FRAMEWORK_HEADER = YES;
				CLANG_WARN_RANGE_LOOP_ANALYSIS = YES;
				CLANG_WARN_STRICT_PROTOTYPES = YES;
				CLANG_WARN_SUSPICIOUS_MOVE = YES;
				CLANG_WARN_UNGUARDED_AVAILABILITY = YES_AGGRESSIVE;
				CLANG_WARN_UNREACHABLE_CODE = YES;
				CLANG_WARN__DUPLICATE_METHOD_MATCH = YES;
				COPY_PHASE_STRIP = NO;
				DEBUG_INFORMATION_FORMAT = "dwarf-with-dsym";
				ENABLE_NS_ASSERTIONS = NO;
				ENABLE_STRICT_OBJC_MSGSEND = YES;
				ENABLE_USER_SCRIPT_SANDBOXING = YES;
				GCC_C_LANGUAGE_STANDARD = gnu17;
				GCC_NO_COMMON_BLOCKS = YES;
				GCC_WARN_64_TO_32_BIT_CONVERSION = YES;
				GCC_WARN_ABOUT_RETURN_TYPE = YES_ERROR;
				GCC_WARN_UNDECLARED_SELECTOR = YES;
				GCC_WARN_UNINITIALIZED_AUTOS = YES_AGGRESSIVE;
				GCC_WARN_UNUSED_FUNCTION = YES;
				GCC_WARN_UNUSED_VARIABLE = YES;
				IPHONEOS_DEPLOYMENT_TARGET = 18.5;
				LOCALIZATION_PREFERS_STRING_CATALOGS = YES;
				MTL_ENABLE_DEBUG_INFO = NO;
				MTL_FAST_MATH = YES;
				SDKROOT = iphoneos;
				SWIFT_COMPILATION_MODE = wholemodule;
				VALIDATE_PRODUCT = YES;
			};
			name = Release;
		};
		9A4CBFFE2F899711009EEBEB /* Debug */ = {
			isa = XCBuildConfiguration;
			buildSettings = {
				ASSETCATALOG_COMPILER_APPICON_NAME = AppIcon;
				ASSETCATALOG_COMPILER_GLOBAL_ACCENT_COLOR_NAME = AccentColor;
				CODE_SIGN_STYLE = Automatic;
				CURRENT_PROJECT_VERSION = 1;
				DEVELOPMENT_TEAM = H797Q9LJ8R;
				ENABLE_PREVIEWS = YES;
				GENERATE_INFOPLIST_FILE = YES;
				INFOPLIST_KEY_UIApplicationSceneManifest_Generation = YES;
				INFOPLIST_KEY_UIApplicationSupportsIndirectInputEvents = YES;
				INFOPLIST_KEY_UILaunchScreen_Generation = YES;
				INFOPLIST_KEY_UISupportedInterfaceOrientations_iPad = "UIInterfaceOrientationPortrait UIInterfaceOrientationPortraitUpsideDown UIInterfaceOrientationLandscapeLeft UIInterfaceOrientationLandscapeRight";
				INFOPLIST_KEY_UISupportedInterfaceOrientations_iPhone = "UIInterfaceOrientationPortrait UIInterfaceOrientationLandscapeLeft UIInterfaceOrientationLandscapeRight";
				LD_RUNPATH_SEARCH_PATHS = (
					"$(inherited)",
					"@executable_path/Frameworks",
				);
				MARKETING_VERSION = 1.0;
				PRODUCT_BUNDLE_IDENTIFIER = Caitlin.PokerEquity;
				PRODUCT_NAME = "$(TARGET_NAME)";
				SWIFT_EMIT_LOC_STRINGS = YES;
				SWIFT_VERSION = 5.0;
				TARGETED_DEVICE_FAMILY = "1,2";
			};
			name = Debug;
		};
		9A4CBFFF2F899711009EEBEB /* Release */ = {
			isa = XCBuildConfiguration;
			buildSettings = {
				ASSETCATALOG_COMPILER_APPICON_NAME = AppIcon;
				ASSETCATALOG_COMPILER_GLOBAL_ACCENT_COLOR_NAME = AccentColor;
				CODE_SIGN_STYLE = Automatic;
				CURRENT_PROJECT_VERSION = 1;
				DEVELOPMENT_TEAM = H797Q9LJ8R;
				ENABLE_PREVIEWS = YES;
				GENERATE_INFOPLIST_FILE = YES;
				INFOPLIST_KEY_UIApplicationSceneManifest_Generation = YES;
				INFOPLIST_KEY_UIApplicationSupportsIndirectInputEvents = YES;
				INFOPLIST_KEY_UILaunchScreen_Generation = YES;
				INFOPLIST_KEY_UISupportedInterfaceOrientations_iPad = "UIInterfaceOrientationPortrait UIInterfaceOrientationPortraitUpsideDown UIInterfaceOrientationLandscapeLeft UIInterfaceOrientationLandscapeRight";
				INFOPLIST_KEY_UISupportedInterfaceOrientations_iPhone = "UIInterfaceOrientationPortrait UIInterfaceOrientationLandscapeLeft UIInterfaceOrientationLandscapeRight";
				LD_RUNPATH_SEARCH_PATHS = (
					"$(inherited)",
					"@executable_path/Frameworks",
				);
				MARKETING_VERSION = 1.0;
				PRODUCT_BUNDLE_IDENTIFIER = Caitlin.PokerEquity;
				PRODUCT_NAME = "$(TARGET_NAME)";
				SWIFT_EMIT_LOC_STRINGS = YES;
				SWIFT_VERSION = 5.0;
				TARGETED_DEVICE_FAMILY = "1,2";
			};
			name = Release;
		};
		9A4CC0012F899711009EEBEB /* Debug */ = {
			isa = XCBuildConfiguration;
			buildSettings = {
				BUNDLE_LOADER = "$(TEST_HOST)";
				CODE_SIGN_STYLE = Automatic;
				CURRENT_PROJECT_VERSION = 1;
				GENERATE_INFOPLIST_FILE = YES;
				IPHONEOS_DEPLOYMENT_TARGET = 18.5;
				MARKETING_VERSION = 1.0;
				PRODUCT_BUNDLE_IDENTIFIER = Caitlin.PokerEquityTests;
				PRODUCT_NAME = "$(TARGET_NAME)";
				SWIFT_EMIT_LOC_STRINGS = NO;
				SWIFT_VERSION = 5.0;
				TARGETED_DEVICE_FAMILY = "1,2";
				TEST_HOST = "$(BUILT_PRODUCTS_DIR)/PokerEquity.app/$(BUNDLE_EXECUTABLE_FOLDER_PATH)/PokerEquity";
			};
			name = Debug;
		};
		9A4CC0022F899711009EEBEB /* Release */ = {
			isa = XCBuildConfiguration;
			buildSettings = {
				BUNDLE_LOADER = "$(TEST_HOST)";
				CODE_SIGN_STYLE = Automatic;
				CURRENT_PROJECT_VERSION = 1;
				GENERATE_INFOPLIST_FILE = YES;
				IPHONEOS_DEPLOYMENT_TARGET = 18.5;
				MARKETING_VERSION = 1.0;
				PRODUCT_BUNDLE_IDENTIFIER = Caitlin.PokerEquityTests;
				PRODUCT_NAME = "$(TARGET_NAME)";
				SWIFT_EMIT_LOC_STRINGS = NO;
				SWIFT_VERSION = 5.0;
				TARGETED_DEVICE_FAMILY = "1,2";
				TEST_HOST = "$(BUILT_PRODUCTS_DIR)/PokerEquity.app/$(BUNDLE_EXECUTABLE_FOLDER_PATH)/PokerEquity";
			};
			name = Release;
		};
		9A4CC0042F899711009EEBEB /* Debug */ = {
			isa = XCBuildConfiguration;
			buildSettings = {
				CODE_SIGN_STYLE = Automatic;
				CURRENT_PROJECT_VERSION = 1;
				GENERATE_INFOPLIST_FILE = YES;
				MARKETING_VERSION = 1.0;
				PRODUCT_BUNDLE_IDENTIFIER = Caitlin.PokerEquityUITests;
				PRODUCT_NAME = "$(TARGET_NAME)";
				SWIFT_EMIT_LOC_STRINGS = NO;
				SWIFT_VERSION = 5.0;
				TARGETED_DEVICE_FAMILY = "1,2";
				TEST_TARGET_NAME = PokerEquity;
			};
			name = Debug;
		};
		9A4CC0052F899711009EEBEB /* Release */ = {
			isa = XCBuildConfiguration;
			buildSettings = {
				CODE_SIGN_STYLE = Automatic;
				CURRENT_PROJECT_VERSION = 1;
				GENERATE_INFOPLIST_FILE = YES;
				MARKETING_VERSION = 1.0;
				PRODUCT_BUNDLE_IDENTIFIER = Caitlin.PokerEquityUITests;
				PRODUCT_NAME = "$(TARGET_NAME)";
				SWIFT_EMIT_LOC_STRINGS = NO;
				SWIFT_VERSION = 5.0;
				TARGETED_DEVICE_FAMILY = "1,2";
				TEST_TARGET_NAME = PokerEquity;
			};
			name = Release;
		};
/* End XCBuildConfiguration section */

/* Begin XCConfigurationList section */
		9A4CBFD72F89970F009EEBEB /* Build configuration list for PBXProject "PokerEquity" */ = {
			isa = XCConfigurationList;
			buildConfigurations = (
				9A4CBFFB2F899711009EEBEB /* Debug */,
				9A4CBFFC2F899711009EEBEB /* Release */,
			);
			defaultConfigurationIsVisible = 0;
			defaultConfigurationName = Release;
		};
		9A4CBFFD2F899711009EEBEB /* Build configuration list for PBXNativeTarget "PokerEquity" */ = {
			isa = XCConfigurationList;
			buildConfigurations = (
				9A4CBFFE2F899711009EEBEB /* Debug */,
				9A4CBFFF2F899711009EEBEB /* Release */,
			);
			defaultConfigurationIsVisible = 0;
			defaultConfigurationName = Release;
		};
		9A4CC0002F899711009EEBEB /* Build configuration list for PBXNativeTarget "PokerEquityTests" */ = {
			isa = XCConfigurationList;
			buildConfigurations = (
				9A4CC0012F899711009EEBEB /* Debug */,
				9A4CC0022F899711009EEBEB /* Release */,
			);
			defaultConfigurationIsVisible = 0;
			defaultConfigurationName = Release;
		};
		9A4CC0032F899711009EEBEB /* Build configuration list for PBXNativeTarget "PokerEquityUITests" */ = {
			isa = XCConfigurationList;
			buildConfigurations = (
				9A4CC0042F899711009EEBEB /* Debug */,
				9A4CC0052F899711009EEBEB /* Release */,
			);
			defaultConfigurationIsVisible = 0;
			defaultConfigurationName = Release;
		};
/* End XCConfigurationList section */
	};
	rootObject = 9A4CBFD42F89970F009EEBEB /* Project object */;
}
